
Microsoft Visual Studio Solution File, Format Version 12.00
# Visual Studio Version 16
VisualStudioVersion = 16.0.32407.337
MinimumVisualStudioVersion = 10.0.40219.1
Project("{FAE04EC0-301F-11D3-BF4B-00C04F79EFBC}") = "senac", "senac\senac.csproj", "{AC9877CF-9C84-4FCE-9288-687547F6DE06}"
EndProject
Global
	GlobalSection(SolutionConfigurationPlatforms) = preSolution
		Debug|Any CPU = Debug|Any CPU
		Release|Any CPU = Release|Any CPU
	EndGlobalSection
	GlobalSection(ProjectConfigurationPlatforms) = postSolution
		{AC9877CF-9C84-4FCE-9288-687547F6DE06}.Debug|Any CPU.ActiveCfg = Debug|Any CPU
		{AC9877CF-9C84-4FCE-9288-687547F6DE06}.Debug|Any CPU.Build.0 = Debug|Any CPU
		{AC9877CF-9C84-4FCE-9288-687547F6DE06}.Release|Any CPU.ActiveCfg = Release|Any CPU
		{AC9877CF-9C84-4FCE-9288-687547F6DE06}.Release|Any CPU.Build.0 = Release|Any CPU
	EndGlobalSection
	GlobalSection(SolutionProperties) = preSolution
		HideSolutionNode = FALSE
	EndGlobalSection
	GlobalSection(ExtensibilityGlobals) = postSolution
		SolutionGuid = {36255AC0-FD39-4EDB-B7FA-B2D4685F9FE6}
	EndGlobalSection
EndGlobal
